Microsoft Visual Studio Solution File, Format Version 12.00
# Visual Studio Version 18
VisualStudioVersion = 18.5.11723.231
MinimumVisualStudioVersion = 10.0.40219.1
Project("{FAE04EC0-301F-11D3-BF4B-00C04F79EFBC}") = "PyBro.IDE", "PyBro.IDE.csproj", "{F98AC7D0-B0DB-B4BB-6C86-32221DB791D3}"
EndProject
Project("{FAE04EC0-301F-11D3-BF4B-00C04F79EFBC}") = "PyBro.Tests", "..\PyBro.Tests\PyBro.Tests.csproj", "{82DD4F60-3CFB-4168-8E24-2A447E1BFA6E}"
EndProject
Project("{FAE04EC0-301F-11D3-BF4B-00C04F79EFBC}") = "PyBro.UI", "..\PyBro.Ui\PyBro.UI.csproj", "{5BE5244A-8D6D-4164-B01B-45D7E42546D8}"
EndProject
Project("{FAE04EC0-301F-11D3-BF4B-00C04F79EFBC}") = "PyBro.MVC", "..\PyBro.MVC\PyBro.MVC.csproj", "{E9AF852B-E533-4068-8506-AB3F083BB964}"
EndProject
Project("{FAE04EC0-301F-11D3-BF4B-00C04F79EFBC}") = "PyBro.Core", "..\PyBro.Core\PyBro.Core.csproj", "{28E90AA3-03BE-E603-5AD8-136B2E411AD4}"
EndProject
Project("{FAE04EC0-301F-11D3-BF4B-00C04F79EFBC}") = "PyBro.Contracts", "..\Pybro.Contracts\PyBro.Contracts.csproj", "{4705A8ED-D28E-CFEA-492F-45CB7FF7A941}"
EndProject
Global
	GlobalSection(SolutionConfigurationPlatforms) = preSolution
		Debug|Any CPU = Debug|Any CPU
		Release|Any CPU = Release|Any CPU
	EndGlobalSection
	GlobalSection(ProjectConfigurationPlatforms) = postSolution
		{F98AC7D0-B0DB-B4BB-6C86-32221DB791D3}.Debug|Any CPU.ActiveCfg = Debug|Any CPU
		{F98AC7D0-B0DB-B4BB-6C86-32221DB791D3}.Debug|Any CPU.Build.0 = Debug|Any CPU
		{F98AC7D0-B0DB-B4BB-6C86-32221DB791D3}.Release|Any CPU.ActiveCfg = Release|Any CPU
		{F98AC7D0-B0DB-B4BB-6C86-32221DB791D3}.Release|Any CPU.Build.0 = Release|Any CPU
		{82DD4F60-3CFB-4168-8E24-2A447E1BFA6E}.Debug|Any CPU.ActiveCfg = Debug|Any CPU
		{82DD4F60-3CFB-4168-8E24-2A447E1BFA6E}.Debug|Any CPU.Build.0 = Debug|Any CPU
		{82DD4F60-3CFB-4168-8E24-2A447E1BFA6E}.Release|Any CPU.ActiveCfg = Release|Any CPU
		{82DD4F60-3CFB-4168-8E24-2A447E1BFA6E}.Release|Any CPU.Build.0 = Release|Any CPU
		{5BE5244A-8D6D-4164-B01B-45D7E42546D8}.Debug|Any CPU.ActiveCfg = Debug|Any CPU
		{5BE5244A-8D6D-4164-B01B-45D7E42546D8}.Debug|Any CPU.Build.0 = Debug|Any CPU
		{5BE5244A-8D6D-4164-B01B-45D7E42546D8}.Release|Any CPU.ActiveCfg = Release|Any CPU
		{5BE5244A-8D6D-4164-B01B-45D7E42546D8}.Release|Any CPU.Build.0 = Release|Any CPU
		{E9AF852B-E533-4068-8506-AB3F083BB964}.Debug|Any CPU.ActiveCfg = Debug|Any CPU
		{E9AF852B-E533-4068-8506-AB3F083BB964}.Debug|Any CPU.Build.0 = Debug|Any CPU
		{E9AF852B-E533-4068-8506-AB3F083BB964}.Release|Any CPU.ActiveCfg = Release|Any CPU
		{E9AF852B-E533-4068-8506-AB3F083BB964}.Release|Any CPU.Build.0 = Release|Any CPU
		{28E90AA3-03BE-E603-5AD8-136B2E411AD4}.Debug|Any CPU.ActiveCfg = Debug|Any CPU
		{28E90AA3-03BE-E603-5AD8-136B2E411AD4}.Debug|Any CPU.Build.0 = Debug|Any CPU
		{28E90AA3-03BE-E603-5AD8-136B2E411AD4}.Release|Any CPU.ActiveCfg = Release|Any CPU
		{28E90AA3-03BE-E603-5AD8-136B2E411AD4}.Release|Any CPU.Build.0 = Release|Any CPU
		{4705A8ED-D28E-CFEA-492F-45CB7FF7A941}.Debug|Any CPU.ActiveCfg = Debug|Any CPU
		{4705A8ED-D28E-CFEA-492F-45CB7FF7A941}.Debug|Any CPU.Build.0 = Debug|Any CPU
		{4705A8ED-D28E-CFEA-492F-45CB7FF7A941}.Release|Any CPU.ActiveCfg = Release|Any CPU
		{4705A8ED-D28E-CFEA-492F-45CB7FF7A941}.Release|Any CPU.Build.0 = Release|Any CPU
	EndGlobalSection
	GlobalSection(SolutionProperties) = preSolution
		HideSolutionNode = FALSE
	EndGlobalSection
	GlobalSection(ExtensibilityGlobals) = postSolution
		SolutionGuid = {9B6C9A10-890A-48FE-AF12-1E5B64CECFE9}
	EndGlobalSection
EndGlobal
